
Microsoft Visual Studio Solution File, Format Version 12.00
# Visual Studio Version 17
VisualStudioVersion = 17.5.002.0
MinimumVisualStudioVersion = 10.0.40219.1
Project("{9A19103F-16F7-4668-BE54-9A1E7A4F7556}") = "audtio-to-text", "audtio-to-text.csproj", "{34D67F3A-5919-40C2-A787-5D7D4B700221}"
EndProject
Global
	GlobalSection(SolutionConfigurationPlatforms) = preSolution
		Debug|Any CPU = Debug|Any CPU
		Release|Any CPU = Release|Any CPU
	EndGlobalSection
	GlobalSection(ProjectConfigurationPlatforms) = postSolution
		{34D67F3A-5919-40C2-A787-5D7D4B700221}.Debug|Any CPU.ActiveCfg = Debug|Any CPU
		{34D67F3A-5919-40C2-A787-5D7D4B700221}.Debug|Any CPU.Build.0 = Debug|Any CPU
		{34D67F3A-5919-40C2-A787-5D7D4B700221}.Release|Any CPU.ActiveCfg = Release|Any CPU
		{34D67F3A-5919-40C2-A787-5D7D4B700221}.Release|Any CPU.Build.0 = Release|Any CPU
	EndGlobalSection
	GlobalSection(SolutionProperties) = preSolution
		HideSolutionNode = FALSE
	EndGlobalSection
	GlobalSection(ExtensibilityGlobals) = postSolution
		SolutionGuid = {BB852AFD-CF42-43CA-AD95-3A31F1E7BC99}
	EndGlobalSection
EndGlobal
